{
  "name": "sos-overlays",
  "version": "0.0.0",
  "lockfileVersion": 2,
  "requires": true,
  "packages": {
    "": {
      "name": "sos-overlays",
      "version": "0.0.0",
      "license": "MIT",
      "dependencies": {
        "fitted-text": "^2.0.0",
        "gsap": "^3.6.1",
        "lodash": "^4.17.21",
        "luxon": "^1.26.0"
      }
    },
    "node_modules/fitted-text": {
      "version": "2.0.3",
      "resolved": "https://registry.npmjs.org/fitted-text/-/fitted-text-2.0.3.tgz",
      "integrity": "sha512-0XQc7u/oQpOaH3vNYdOs3qm3++OqZqSRTf043fe0yY1CAxFXHgSv/zOzl9LkXLfgy1TkAJ1y35PjBZ2+QC6tBQ=="
    },
    "node_modules/gsap": {
      "version": "3.8.0",
      "resolved": "https://registry.npmjs.org/gsap/-/gsap-3.8.0.tgz",
      "integrity": "sha512-cvpzKkWFePDZCycwXwJnDSpTR3j+a4QLQF/t0c+pXqzRESgAYx5hieaoshzZFjbwsARqr0+5c3GKE7wI273w/g=="
    },
    "node_modules/lodash": {
      "version": "4.17.21",
      "resolved": "https://registry.npmjs.org/lodash/-/lodash-4.17.21.tgz",
      "integrity": "sha512-v2kDEe57lecTulaDIuNTPy3Ry4gLGJ6Z1O3vE1krgXZNrsQ+LFTGHVxVjcXPs17LhbZVGedAJv8XZ1tvj5FvSg=="
    },
    "node_modules/luxon": {
      "version": "1.28.0",
      "resolved": "https://registry.npmjs.org/luxon/-/luxon-1.28.0.tgz",
      "integrity": "sha512-TfTiyvZhwBYM/7QdAVDh+7dBTBA29v4ik0Ce9zda3Mnf8on1S5KJI8P2jKFZ8+5C0jhmr0KwJEO/Wdpm0VeWJQ==",
      "engines": {
        "node": "*"
      }
    }
  },
  "dependencies": {
    "fitted-text": {
      "version": "2.0.3",
      "resolved": "https://registry.npmjs.org/fitted-text/-/fitted-text-2.0.3.tgz",
      "integrity": "sha512-0XQc7u/oQpOaH3vNYdOs3qm3++OqZqSRTf043fe0yY1CAxFXHgSv/zOzl9LkXLfgy1TkAJ1y35PjBZ2+QC6tBQ=="
    },
    "gsap": {
      "version": "3.8.0",
      "resolved": "https://registry.npmjs.org/gsap/-/gsap-3.8.0.tgz",
      "integrity": "sha512-cvpzKkWFePDZCycwXwJnDSpTR3j+a4QLQF/t0c+pXqzRESgAYx5hieaoshzZFjbwsARqr0+5c3GKE7wI273w/g=="
    },
    "lodash": {
      "version": "4.17.21",
      "resolved": "https://registry.npmjs.org/lodash/-/lodash-4.17.21.tgz",
      "integrity": "sha512-v2kDEe57lecTulaDIuNTPy3Ry4gLGJ6Z1O3vE1krgXZNrsQ+LFTGHVxVjcXPs17LhbZVGedAJv8XZ1tvj5FvSg=="
    },
    "luxon": {
      "version": "1.28.0",
      "resolved": "https://registry.npmjs.org/luxon/-/luxon-1.28.0.tgz",
      "integrity": "sha512-TfTiyvZhwBYM/7QdAVDh+7dBTBA29v4ik0Ce9zda3Mnf8on1S5KJI8P2jKFZ8+5C0jhmr0KwJEO/Wdpm0VeWJQ=="
    }
  }
}
